
Microsoft Visual Studio Solution File, Format Version 12.00
# Visual Studio 2013
VisualStudioVersion = 12.0.21005.1
MinimumVisualStudioVersion = 10.0.40219.1
Project("{FAE04EC0-301F-11D3-BF4B-00C04F79EFBC}") = "VcpDriver", "VcpDriver\VcpDriver.csproj", "{4D880852-5481-4202-B9F1-38DD440EEB0C}"
EndProject
Project("{FAE04EC0-301F-11D3-BF4B-00C04F79EFBC}") = "DatabaseFiller", "DatabaseFiller\DatabaseFiller.csproj", "{A9992086-3AB3-4DD4-9556-352EAB492D08}"
EndProject
Project("{FAE04EC0-301F-11D3-BF4B-00C04F79EFBC}") = "TcpDataModel", "TcpDataModel\TcpDataModel.csproj", "{44434E2F-8746-4E8E-BB0C-18AFBB314FBD}"
EndProject
Project("{FAE04EC0-301F-11D3-BF4B-00C04F79EFBC}") = "TcpDashboard", "TcpDashboard\TcpDashboard.csproj", "{088DC3E3-2536-4747-AEB9-D99F57A8C75C}"
EndProject
Project("{FAE04EC0-301F-11D3-BF4B-00C04F79EFBC}") = "TcpGA", "TcpGA\TcpGA.csproj", "{5349A268-14F5-49C5-A01D-7BC8671CADEB}"
EndProject
Global
	GlobalSection(SolutionConfigurationPlatforms) = preSolution
		Debug|Any CPU = Debug|Any CPU
		Release|Any CPU = Release|Any CPU
	EndGlobalSection
	GlobalSection(ProjectConfigurationPlatforms) = postSolution
		{4D880852-5481-4202-B9F1-38DD440EEB0C}.Debug|Any CPU.ActiveCfg = Debug|Any CPU
		{4D880852-5481-4202-B9F1-38DD440EEB0C}.Debug|Any CPU.Build.0 = Debug|Any CPU
		{4D880852-5481-4202-B9F1-38DD440EEB0C}.Release|Any CPU.ActiveCfg = Release|Any CPU
		{4D880852-5481-4202-B9F1-38DD440EEB0C}.Release|Any CPU.Build.0 = Release|Any CPU
		{A9992086-3AB3-4DD4-9556-352EAB492D08}.Debug|Any CPU.ActiveCfg = Debug|Any CPU
		{A9992086-3AB3-4DD4-9556-352EAB492D08}.Debug|Any CPU.Build.0 = Debug|Any CPU
		{A9992086-3AB3-4DD4-9556-352EAB492D08}.Release|Any CPU.ActiveCfg = Release|Any CPU
		{A9992086-3AB3-4DD4-9556-352EAB492D08}.Release|Any CPU.Build.0 = Release|Any CPU
		{44434E2F-8746-4E8E-BB0C-18AFBB314FBD}.Debug|Any CPU.ActiveCfg = Debug|Any CPU
		{44434E2F-8746-4E8E-BB0C-18AFBB314FBD}.Debug|Any CPU.Build.0 = Debug|Any CPU
		{44434E2F-8746-4E8E-BB0C-18AFBB314FBD}.Release|Any CPU.ActiveCfg = Release|Any CPU
		{44434E2F-8746-4E8E-BB0C-18AFBB314FBD}.Release|Any CPU.Build.0 = Release|Any CPU
		{088DC3E3-2536-4747-AEB9-D99F57A8C75C}.Debug|Any CPU.ActiveCfg = Debug|Any CPU
		{088DC3E3-2536-4747-AEB9-D99F57A8C75C}.Debug|Any CPU.Build.0 = Debug|Any CPU
		{088DC3E3-2536-4747-AEB9-D99F57A8C75C}.Release|Any CPU.ActiveCfg = Release|Any CPU
		{088DC3E3-2536-4747-AEB9-D99F57A8C75C}.Release|Any CPU.Build.0 = Release|Any CPU
		{5349A268-14F5-49C5-A01D-7BC8671CADEB}.Debug|Any CPU.ActiveCfg = Debug|Any CPU
		{5349A268-14F5-49C5-A01D-7BC8671CADEB}.Debug|Any CPU.Build.0 = Debug|Any CPU
		{5349A268-14F5-49C5-A01D-7BC8671CADEB}.Release|Any CPU.ActiveCfg = Release|Any CPU
		{5349A268-14F5-49C5-A01D-7BC8671CADEB}.Release|Any CPU.Build.0 = Release|Any CPU
	EndGlobalSection
	GlobalSection(SolutionProperties) = preSolution
		HideSolutionNode = FALSE
	EndGlobalSection
EndGlobal
